
Microsoft Visual Studio Solution File, Format Version 12.00
# Visual Studio Version 17
VisualStudioVersion = 17.5.33516.290
MinimumVisualStudioVersion = 10.0.40219.1
Project("{FAE04EC0-301F-11D3-BF4B-00C04F79EFBC}") = "ConSumaSinOperador", "ConSumaSinOperador.csproj", "{B8C8A359-E986-4C2A-982E-3EFAD7158607}"
EndProject
Global
	GlobalSection(SolutionConfigurationPlatforms) = preSolution
		Debug|Any CPU = Debug|Any CPU
		Release|Any CPU = Release|Any CPU
	EndGlobalSection
	GlobalSection(ProjectConfigurationPlatforms) = postSolution
		{B8C8A359-E986-4C2A-982E-3EFAD7158607}.Debug|Any CPU.ActiveCfg = Debug|Any CPU
		{B8C8A359-E986-4C2A-982E-3EFAD7158607}.Debug|Any CPU.Build.0 = Debug|Any CPU
		{B8C8A359-E986-4C2A-982E-3EFAD7158607}.Release|Any CPU.ActiveCfg = Release|Any CPU
		{B8C8A359-E986-4C2A-982E-3EFAD7158607}.Release|Any CPU.Build.0 = Release|Any CPU
	EndGlobalSection
	GlobalSection(SolutionProperties) = preSolution
		HideSolutionNode = FALSE
	EndGlobalSection
	GlobalSection(ExtensibilityGlobals) = postSolution
		SolutionGuid = {B41D0168-973A-44E6-8C0C-9B38CBB19900}
	EndGlobalSection
EndGlobal
